<?xml version="1.0" encoding="UTF-8"?>
<Scheme
   version = "1.3">
   <BuildAction>
      <BuildActionEntries>
         <BuildActionEntry
            buildForRunning = "YES">
            <BuildableReference
               BuildableIdentifier = "primary"
               BlueprintIdentifier = "79000327D690E8589915C0B9"
               BuildableName = "CocoaTouk.app"
               BlueprintName = "CocoaTouk"
               ReferencedContainer = "container:CocoaTouk.xcodeproj">
            </BuildableReference>
         </BuildActionEntry>
      </BuildActionEntries>
   </BuildAction>
   <LaunchAction
      useCustomWorkingDirectory = "NO"
      buildConfiguration = "Debug">
      <BuildableProductRunnable>
         <BuildableReference
            BuildableIdentifier = "primary"
            BlueprintIdentifier = "79000327D690E8589915C0B9"
            BuildableName = "CocoaTouk.app"
            BlueprintName = "CocoaTouk"
            ReferencedContainer = "container:CocoaTouk.xcodeproj">
         </BuildableReference>
      </BuildableProductRunnable>
   </LaunchAction>
</Scheme>
